
Microsoft Visual Studio Solution File, Format Version 12.00
# Visual Studio Version 17
VisualStudioVersion = 17.4.33213.308
MinimumVisualStudioVersion = 10.0.40219.1
Project("{FAE04EC0-301F-11D3-BF4B-00C04F79EFBC}") = "EmployeeWageProblem", "EmployeeWageProblem\EmployeeWageProblem.csproj", "{FD570A4E-FD42-4F74-B987-B2B7C04D3088}"
EndProject
Global
	GlobalSection(SolutionConfigurationPlatforms) = preSolution
		Debug|Any CPU = Debug|Any CPU
		Release|Any CPU = Release|Any CPU
	EndGlobalSection
	GlobalSection(ProjectConfigurationPlatforms) = postSolution
		{FD570A4E-FD42-4F74-B987-B2B7C04D3088}.Debug|Any CPU.ActiveCfg = Debug|Any CPU
		{FD570A4E-FD42-4F74-B987-B2B7C04D3088}.Debug|Any CPU.Build.0 = Debug|Any CPU
		{FD570A4E-FD42-4F74-B987-B2B7C04D3088}.Release|Any CPU.ActiveCfg = Release|Any CPU
		{FD570A4E-FD42-4F74-B987-B2B7C04D3088}.Release|Any CPU.Build.0 = Release|Any CPU
	EndGlobalSection
	GlobalSection(SolutionProperties) = preSolution
		HideSolutionNode = FALSE
	EndGlobalSection
	GlobalSection(ExtensibilityGlobals) = postSolution
		SolutionGuid = {32522B09-EFDB-4EFD-9DC3-13D4EA07C204}
	EndGlobalSection
EndGlobal
